<Solution>
  <Folder Name="/src/">
    <Project Path="src/UrlShortener.Redirector.Api/UrlShortener.Redirector.Api.csproj" />
    <Project Path="src/UrlShortener.Redirector.Application/UrlShortener.Redirector.Application.csproj" />
    <Project Path="src/UrlShortener.Redirector.Infrastructure/UrlShortener.Redirector.Infrastructure.csproj" />
  </Folder>
  <Folder Name="/test/">
    <Project Path="test/UrlShortener.Redirector.Test/UrlShortener.Redirector.Test.csproj" />
  </Folder>
</Solution>
